<?xml version="1.0" encoding="utf-8"?>
<Project ToolsVersion="4.0" xmlns="http://schemas.microsoft.com/developer/msbuild/2003">
  <ItemGroup>
    <Filter Include="Title">
      <UniqueIdentifier>{eed8f05d-e859-4a0f-b922-177cd30be544}</UniqueIdentifier>
    </Filter>
    <Filter Include="Play">
      <UniqueIdentifier>{7a4ef85f-32e9-4737-b3a7-bbd0bc5e0bab}</UniqueIdentifier>
    </Filter>
    <Filter Include="Level">
      <UniqueIdentifier>{f7ce65bb-5668-4141-b761-c50b76a6d41d}</UniqueIdentifier>
    </Filter>
    <Filter Include="Ending">
      <UniqueIdentifier>{dd4f3ad0-fe1a-458b-8049-c25069e88f80}</UniqueIdentifier>
    </Filter>
    <Filter Include="Play\Global">
      <UniqueIdentifier>{a2c75bf8-c9a7-45f4-8a2c-bc3a9920f741}</UniqueIdentifier>
    </Filter>
  </ItemGroup>
  <ItemGroup>
    <ClInclude Include="Kirby.h" />
    <ClInclude Include="TitleBackGround.h">
      <Filter>Title</Filter>
    </ClInclude>
    <ClInclude Include="TitleLogo.h">
      <Filter>Title</Filter>
    </ClInclude>
    <ClInclude Include="Monster.h">
      <Filter>Play</Filter>
    </ClInclude>
    <ClInclude Include="BotUI.h">
      <Filter>Play\Global</Filter>
    </ClInclude>
    <ClInclude Include="Player.h">
      <Filter>Play\Global</Filter>
    </ClInclude>
    <ClInclude Include="EndingCredit.h">
      <Filter>Ending</Filter>
    </ClInclude>
    <ClInclude Include="EndingLevel.h">
      <Filter>Level</Filter>
    </ClInclude>
    <ClInclude Include="PlayLevel.h">
      <Filter>Level</Filter>
    </ClInclude>
    <ClInclude Include="TitleLevel.h">
      <Filter>Level</Filter>
    </ClInclude>
  </ItemGroup>
  <ItemGroup>
    <ClCompile Include="Kirby.cpp" />
    <ClCompile Include="TitleBackGround.cpp">
      <Filter>Title</Filter>
    </ClCompile>
    <ClCompile Include="TitleLogo.cpp">
      <Filter>Title</Filter>
    </ClCompile>
    <ClCompile Include="Monster.cpp">
      <Filter>Play</Filter>
    </ClCompile>
    <ClCompile Include="BotUI.cpp">
      <Filter>Play\Global</Filter>
    </ClCompile>
    <ClCompile Include="Player.cpp">
      <Filter>Play\Global</Filter>
    </ClCompile>
    <ClCompile Include="EndingCredit.cpp">
      <Filter>Ending</Filter>
    </ClCompile>
    <ClCompile Include="EndingLevel.cpp">
      <Filter>Level</Filter>
    </ClCompile>
    <ClCompile Include="PlayLevel.cpp">
      <Filter>Level</Filter>
    </ClCompile>
    <ClCompile Include="TitleLevel.cpp">
      <Filter>Level</Filter>
    </ClCompile>
  </ItemGroup>
</Project>