<?xml version="1.0" encoding="utf-8"?>
<Project ToolsVersion="4.0" xmlns="http://schemas.microsoft.com/developer/msbuild/2003">
  <ItemGroup>
    <ClCompile Include="CharacterBase.cpp" />
    <ClCompile Include="Kirby.cpp" />
    <ClCompile Include="Animal.cpp">
      <Filter>Monster</Filter>
    </ClCompile>
    <ClCompile Include="BigBomb.cpp">
      <Filter>Monster</Filter>
    </ClCompile>
    <ClCompile Include="BigBox.cpp">
      <Filter>Obstruction</Filter>
    </ClCompile>
    <ClCompile Include="BigWaddledee.cpp">
      <Filter>Monster</Filter>
    </ClCompile>
    <ClCompile Include="Bomb.cpp">
      <Filter>Obstruction</Filter>
    </ClCompile>
    <ClCompile Include="BombBox.cpp">
      <Filter>Obstruction</Filter>
    </ClCompile>
    <ClCompile Include="Box.cpp">
      <Filter>Obstruction</Filter>
    </ClCompile>
    <ClCompile Include="Brontobert.cpp">
      <Filter>Monster</Filter>
    </ClCompile>
    <ClCompile Include="Fire.cpp">
      <Filter>Monster</Filter>
    </ClCompile>
    <ClCompile Include="Monster.cpp">
      <Filter>Monster</Filter>
    </ClCompile>
    <ClCompile Include="Monster1.cpp">
      <Filter>Monster</Filter>
    </ClCompile>
    <ClCompile Include="Sparky.cpp">
      <Filter>Monster</Filter>
    </ClCompile>
    <ClCompile Include="Sword.cpp">
      <Filter>Monster</Filter>
    </ClCompile>
    <ClCompile Include="Tiktik.cpp">
      <Filter>Monster</Filter>
    </ClCompile>
    <ClCompile Include="IceItem.cpp">
      <Filter>Item</Filter>
    </ClCompile>
    <ClCompile Include="BigTreasureChest.cpp">
      <Filter>Item</Filter>
    </ClCompile>
    <ClCompile Include="Tomato.cpp">
      <Filter>Item</Filter>
    </ClCompile>
    <ClCompile Include="TreasureChest.cpp">
      <Filter>Item</Filter>
    </ClCompile>
    <ClCompile Include="Waddledee.cpp">
      <Filter>Monster</Filter>
    </ClCompile>
    <ClCompile Include="Obstruction.cpp">
      <Filter>Obstruction</Filter>
    </ClCompile>
    <ClCompile Include="Player.cpp">
      <Filter>Kirby</Filter>
    </ClCompile>
    <ClCompile Include="Item.cpp">
      <Filter>Item</Filter>
    </ClCompile>
    <ClCompile Include="HPUp.cpp">
      <Filter>Kirby</Filter>
    </ClCompile>
    <ClCompile Include="BotUI.cpp">
      <Filter>Kirby</Filter>
    </ClCompile>
    <ClCompile Include="Player_State.cpp">
      <Filter>Kirby</Filter>
    </ClCompile>
    <ClCompile Include="Dedede.cpp">
      <Filter>Monster</Filter>
    </ClCompile>
    <ClCompile Include="AttackEffect.cpp">
      <Filter>Kirby\Effect</Filter>
    </ClCompile>
    <ClCompile Include="IceAttackEffect.cpp">
      <Filter>Kirby\Effect</Filter>
    </ClCompile>
    <ClCompile Include="StarAttackEffect.cpp">
      <Filter>Kirby\Effect</Filter>
    </ClCompile>
    <ClCompile Include="SparkAttackEffect.cpp">
      <Filter>Kirby\Effect</Filter>
    </ClCompile>
    <ClCompile Include="FireAttackEffect.cpp">
      <Filter>Kirby\Effect</Filter>
    </ClCompile>
    <ClCompile Include="SwordAttackEffect.cpp">
      <Filter>Kirby\Effect</Filter>
    </ClCompile>
    <ClCompile Include="AbandonEffect.cpp">
      <Filter>Kirby\Effect</Filter>
    </ClCompile>
    <ClCompile Include="DieEffect.cpp">
      <Filter>Monster\Effect</Filter>
    </ClCompile>
    <ClCompile Include="BeforeTitleLevel.cpp">
      <Filter>Level\00 Intro</Filter>
    </ClCompile>
    <ClCompile Include="IntroStory.cpp">
      <Filter>Level\00 Intro</Filter>
    </ClCompile>
    <ClCompile Include="Cannon.cpp">
      <Filter>Level\01 Play</Filter>
    </ClCompile>
    <ClCompile Include="Boss.cpp">
      <Filter>Level\01 Play</Filter>
    </ClCompile>
    <ClCompile Include="DanceStage.cpp">
      <Filter>Level\01 Play</Filter>
    </ClCompile>
    <ClCompile Include="GameOver.cpp">
      <Filter>Level\01 Play</Filter>
    </ClCompile>
    <ClCompile Include="Level1.cpp">
      <Filter>Level\01 Play</Filter>
    </ClCompile>
    <ClCompile Include="Level1_2.cpp">
      <Filter>Level\01 Play</Filter>
    </ClCompile>
    <ClCompile Include="Level1_3.cpp">
      <Filter>Level\01 Play</Filter>
    </ClCompile>
    <ClCompile Include="Level1_4.cpp">
      <Filter>Level\01 Play</Filter>
    </ClCompile>
    <ClCompile Include="Level2.cpp">
      <Filter>Level\01 Play</Filter>
    </ClCompile>
    <ClCompile Include="Level2_2.cpp">
      <Filter>Level\01 Play</Filter>
    </ClCompile>
    <ClCompile Include="Level2_3.cpp">
      <Filter>Level\01 Play</Filter>
    </ClCompile>
    <ClCompile Include="Level2_4.cpp">
      <Filter>Level\01 Play</Filter>
    </ClCompile>
    <ClCompile Include="Level2_5.cpp">
      <Filter>Level\01 Play</Filter>
    </ClCompile>
    <ClCompile Include="Level3.cpp">
      <Filter>Level\01 Play</Filter>
    </ClCompile>
    <ClCompile Include="TitleLevel.cpp">
      <Filter>Level\00 Intro</Filter>
    </ClCompile>
    <ClCompile Include="VideoPlayer.cpp">
      <Filter>Level\00 Intro</Filter>
    </ClCompile>
    <ClCompile Include="WorldMap.cpp">
      <Filter>Level\01 Play</Filter>
    </ClCompile>
    <ClCompile Include="EndingStory.cpp">
      <Filter>Level\02 Ending</Filter>
    </ClCompile>
    <ClCompile Include="RunEffect.cpp">
      <Filter>Kirby\Effect</Filter>
    </ClCompile>
    <ClCompile Include="Background.cpp">
      <Filter>Level\01 Play</Filter>
    </ClCompile>
    <ClCompile Include="Dedede_State.cpp">
      <Filter>Monster</Filter>
    </ClCompile>
    <ClCompile Include="TransformEffect.cpp">
      <Filter>Kirby\Effect</Filter>
    </ClCompile>
    <ClCompile Include="GroundStarEffect.cpp">
      <Filter>Kirby\Effect</Filter>
    </ClCompile>
    <ClCompile Include="Ground.cpp">
      <Filter>Obstruction</Filter>
    </ClCompile>
    <ClCompile Include="BombBomb.cpp">
      <Filter>Obstruction</Filter>
    </ClCompile>
    <ClCompile Include="MonBotUI.cpp">
      <Filter>Monster</Filter>
    </ClCompile>
    <ClCompile Include="AnimationKirby.cpp">
      <Filter>Kirby</Filter>
    </ClCompile>
    <ClCompile Include="GameEngineLevelBase.cpp" />
    <ClCompile Include="StarMonster.cpp">
      <Filter>Monster</Filter>
    </ClCompile>
  </ItemGroup>
  <ItemGroup>
    <ClInclude Include="CharacterBase.h" />
    <ClInclude Include="ContentsEnum.h" />
    <ClInclude Include="Kirby.h" />
    <ClInclude Include="Animal.h">
      <Filter>Monster</Filter>
    </ClInclude>
    <ClInclude Include="BigBomb.h">
      <Filter>Monster</Filter>
    </ClInclude>
    <ClInclude Include="BigBox.h">
      <Filter>Obstruction</Filter>
    </ClInclude>
    <ClInclude Include="BigWaddledee.h">
      <Filter>Monster</Filter>
    </ClInclude>
    <ClInclude Include="Bomb.h">
      <Filter>Obstruction</Filter>
    </ClInclude>
    <ClInclude Include="BombBox.h">
      <Filter>Obstruction</Filter>
    </ClInclude>
    <ClInclude Include="Box.h">
      <Filter>Obstruction</Filter>
    </ClInclude>
    <ClInclude Include="Brontobert.h">
      <Filter>Monster</Filter>
    </ClInclude>
    <ClInclude Include="Fire.h">
      <Filter>Monster</Filter>
    </ClInclude>
    <ClInclude Include="Monster.h">
      <Filter>Monster</Filter>
    </ClInclude>
    <ClInclude Include="Monster1.h">
      <Filter>Monster</Filter>
    </ClInclude>
    <ClInclude Include="Sparky.h">
      <Filter>Monster</Filter>
    </ClInclude>
    <ClInclude Include="Sword.h">
      <Filter>Monster</Filter>
    </ClInclude>
    <ClInclude Include="Tiktik.h">
      <Filter>Monster</Filter>
    </ClInclude>
    <ClInclude Include="IceItem.h">
      <Filter>Item</Filter>
    </ClInclude>
    <ClInclude Include="BigTreasureChest.h">
      <Filter>Item</Filter>
    </ClInclude>
    <ClInclude Include="Tomato.h">
      <Filter>Item</Filter>
    </ClInclude>
    <ClInclude Include="TreasureChest.h">
      <Filter>Item</Filter>
    </ClInclude>
    <ClInclude Include="Waddledee.h">
      <Filter>Monster</Filter>
    </ClInclude>
    <ClInclude Include="Obstruction.h">
      <Filter>Obstruction</Filter>
    </ClInclude>
    <ClInclude Include="Player.h">
      <Filter>Kirby</Filter>
    </ClInclude>
    <ClInclude Include="Item.h">
      <Filter>Item</Filter>
    </ClInclude>
    <ClInclude Include="HPUp.h">
      <Filter>Kirby</Filter>
    </ClInclude>
    <ClInclude Include="BotUI.h">
      <Filter>Kirby</Filter>
    </ClInclude>
    <ClInclude Include="Dedede.h">
      <Filter>Monster</Filter>
    </ClInclude>
    <ClInclude Include="AttackEffect.h">
      <Filter>Kirby\Effect</Filter>
    </ClInclude>
    <ClInclude Include="IceAttackEffect.h">
      <Filter>Kirby\Effect</Filter>
    </ClInclude>
    <ClInclude Include="StarAttackEffect.h">
      <Filter>Kirby\Effect</Filter>
    </ClInclude>
    <ClInclude Include="SparkAttackEffect.h">
      <Filter>Kirby\Effect</Filter>
    </ClInclude>
    <ClInclude Include="FireAttackEffect.h">
      <Filter>Kirby\Effect</Filter>
    </ClInclude>
    <ClInclude Include="SwordAttackEffect.h">
      <Filter>Kirby\Effect</Filter>
    </ClInclude>
    <ClInclude Include="AbandonEffect.h">
      <Filter>Kirby\Effect</Filter>
    </ClInclude>
    <ClInclude Include="DieEffect.h">
      <Filter>Monster\Effect</Filter>
    </ClInclude>
    <ClInclude Include="BeforeTitleLevel.h">
      <Filter>Level\00 Intro</Filter>
    </ClInclude>
    <ClInclude Include="IntroStory.h">
      <Filter>Level\00 Intro</Filter>
    </ClInclude>
    <ClInclude Include="Cannon.h">
      <Filter>Level\01 Play</Filter>
    </ClInclude>
    <ClInclude Include="Boss.h">
      <Filter>Level\01 Play</Filter>
    </ClInclude>
    <ClInclude Include="DanceStage.h">
      <Filter>Level\01 Play</Filter>
    </ClInclude>
    <ClInclude Include="GameOver.h">
      <Filter>Level\01 Play</Filter>
    </ClInclude>
    <ClInclude Include="Level1.h">
      <Filter>Level\01 Play</Filter>
    </ClInclude>
    <ClInclude Include="Level1_2.h">
      <Filter>Level\01 Play</Filter>
    </ClInclude>
    <ClInclude Include="Level1_3.h">
      <Filter>Level\01 Play</Filter>
    </ClInclude>
    <ClInclude Include="Level1_4.h">
      <Filter>Level\01 Play</Filter>
    </ClInclude>
    <ClInclude Include="Level2.h">
      <Filter>Level\01 Play</Filter>
    </ClInclude>
    <ClInclude Include="Level2_2.h">
      <Filter>Level\01 Play</Filter>
    </ClInclude>
    <ClInclude Include="Level2_3.h">
      <Filter>Level\01 Play</Filter>
    </ClInclude>
    <ClInclude Include="Level2_4.h">
      <Filter>Level\01 Play</Filter>
    </ClInclude>
    <ClInclude Include="Level2_5.h">
      <Filter>Level\01 Play</Filter>
    </ClInclude>
    <ClInclude Include="Level3.h">
      <Filter>Level\01 Play</Filter>
    </ClInclude>
    <ClInclude Include="TitleLevel.h">
      <Filter>Level\00 Intro</Filter>
    </ClInclude>
    <ClInclude Include="VideoPlayer.h">
      <Filter>Level\00 Intro</Filter>
    </ClInclude>
    <ClInclude Include="WorldMap.h">
      <Filter>Level\01 Play</Filter>
    </ClInclude>
    <ClInclude Include="EndingStory.h">
      <Filter>Level\02 Ending</Filter>
    </ClInclude>
    <ClInclude Include="RunEffect.h">
      <Filter>Kirby\Effect</Filter>
    </ClInclude>
    <ClInclude Include="Background.h">
      <Filter>Level\01 Play</Filter>
    </ClInclude>
    <ClInclude Include="TransformEffect.h">
      <Filter>Kirby\Effect</Filter>
    </ClInclude>
    <ClInclude Include="GroundStarEffect.h">
      <Filter>Kirby\Effect</Filter>
    </ClInclude>
    <ClInclude Include="Ground.h">
      <Filter>Obstruction</Filter>
    </ClInclude>
    <ClInclude Include="BombBomb.h">
      <Filter>Obstruction</Filter>
    </ClInclude>
    <ClInclude Include="MonBotUI.h">
      <Filter>Monster</Filter>
    </ClInclude>
    <ClInclude Include="AnimationKirby.h">
      <Filter>Kirby</Filter>
    </ClInclude>
    <ClInclude Include="GameEngineLevelBase.h" />
    <ClInclude Include="StarMonster.h">
      <Filter>Monster</Filter>
    </ClInclude>
  </ItemGroup>
  <ItemGroup>
    <Filter Include="Level">
      <UniqueIdentifier>{00fd07ee-c01b-4d2e-8fee-2387dbc3275e}</UniqueIdentifier>
    </Filter>
    <Filter Include="Monster">
      <UniqueIdentifier>{f57903db-38a9-4e77-9862-cac46fe53df1}</UniqueIdentifier>
    </Filter>
    <Filter Include="Obstruction">
      <UniqueIdentifier>{b892d895-7194-41ff-85c3-f53aaa498acb}</UniqueIdentifier>
    </Filter>
    <Filter Include="Item">
      <UniqueIdentifier>{0bebfd93-5db2-4eb7-a605-ddd5bc87f075}</UniqueIdentifier>
    </Filter>
    <Filter Include="Kirby">
      <UniqueIdentifier>{c764010c-f638-4795-bd28-695a8b59084c}</UniqueIdentifier>
    </Filter>
    <Filter Include="Kirby\Effect">
      <UniqueIdentifier>{f123c167-2f35-4021-abe9-4ea4de8bcd35}</UniqueIdentifier>
    </Filter>
    <Filter Include="Monster\Effect">
      <UniqueIdentifier>{9b007e10-1c08-4749-b2d1-1b13a84f15c5}</UniqueIdentifier>
    </Filter>
    <Filter Include="Level\00 Intro">
      <UniqueIdentifier>{8760f68a-3574-4327-bc36-f5a9e1e9aac4}</UniqueIdentifier>
    </Filter>
    <Filter Include="Level\01 Play">
      <UniqueIdentifier>{463e9455-4c52-43be-a49f-dabb4e585e3e}</UniqueIdentifier>
    </Filter>
    <Filter Include="Level\02 Ending">
      <UniqueIdentifier>{0fccec4b-53cf-4e79-a19a-eec29ff33e80}</UniqueIdentifier>
    </Filter>
  </ItemGroup>
</Project>