
Microsoft Visual Studio Solution File, Format Version 12.00
# Visual Studio Version 17
VisualStudioVersion = 17.1.32228.430
MinimumVisualStudioVersion = 10.0.40219.1
Project("{8BC9CEB8-8B4A-11D0-8D11-00A0C91BC942}") = "GameEngine", "GameEngine\GameEngine.vcxproj", "{EACE59C3-D182-4968-BC33-1A9287DEC408}"
EndProject
Project("{2150E333-8FDC-42A3-9474-1A3956D46DE8}") = "Level0", "Level0", "{F5158566-625F-4913-B87D-DF2329C2C51E}"
EndProject
Project("{2150E333-8FDC-42A3-9474-1A3956D46DE8}") = "Level1", "Level1", "{CC650D3B-BB00-42FA-AD40-A3C771350B08}"
EndProject
Project("{2150E333-8FDC-42A3-9474-1A3956D46DE8}") = "Level2", "Level2", "{EC081AE6-5B59-4708-A5C1-E685A4E83FFE}"
EndProject
Project("{2150E333-8FDC-42A3-9474-1A3956D46DE8}") = "Level3", "Level3", "{AA6653D5-2A0A-4793-BA3E-8E5A446E988B}"
EndProject
Project("{8BC9CEB8-8B4A-11D0-8D11-00A0C91BC942}") = "GameEngineBase", "GameEngineBase\GameEngineBase.vcxproj", "{56BD0A6A-4453-474F-BDCE-685D1002E476}"
EndProject
Project("{8BC9CEB8-8B4A-11D0-8D11-00A0C91BC942}") = "GameEngineContents", "GameEngineContents\GameEngineContents.vcxproj", "{A2162E95-6DAF-47B5-B1BC-AAE73879A3F4}"
EndProject
Project("{8BC9CEB8-8B4A-11D0-8D11-00A0C91BC942}") = "GameApp", "GameApp\GameApp.vcxproj", "{DAE1274B-EDA1-494D-BA51-F9A6F307B248}"
EndProject
Global
	GlobalSection(SolutionConfigurationPlatforms) = preSolution
		Debug|x64 = Debug|x64
		Debug|x86 = Debug|x86
		Release|x64 = Release|x64
		Release|x86 = Release|x86
	EndGlobalSection
	GlobalSection(ProjectConfigurationPlatforms) = postSolution
		{EACE59C3-D182-4968-BC33-1A9287DEC408}.Debug|x64.ActiveCfg = Debug|x64
		{EACE59C3-D182-4968-BC33-1A9287DEC408}.Debug|x64.Build.0 = Debug|x64
		{EACE59C3-D182-4968-BC33-1A9287DEC408}.Debug|x86.ActiveCfg = Debug|Win32
		{EACE59C3-D182-4968-BC33-1A9287DEC408}.Debug|x86.Build.0 = Debug|Win32
		{EACE59C3-D182-4968-BC33-1A9287DEC408}.Release|x64.ActiveCfg = Release|x64
		{EACE59C3-D182-4968-BC33-1A9287DEC408}.Release|x64.Build.0 = Release|x64
		{EACE59C3-D182-4968-BC33-1A9287DEC408}.Release|x86.ActiveCfg = Release|Win32
		{EACE59C3-D182-4968-BC33-1A9287DEC408}.Release|x86.Build.0 = Release|Win32
		{56BD0A6A-4453-474F-BDCE-685D1002E476}.Debug|x64.ActiveCfg = Debug|x64
		{56BD0A6A-4453-474F-BDCE-685D1002E476}.Debug|x64.Build.0 = Debug|x64
		{56BD0A6A-4453-474F-BDCE-685D1002E476}.Debug|x86.ActiveCfg = Debug|Win32
		{56BD0A6A-4453-474F-BDCE-685D1002E476}.Debug|x86.Build.0 = Debug|Win32
		{56BD0A6A-4453-474F-BDCE-685D1002E476}.Release|x64.ActiveCfg = Release|x64
		{56BD0A6A-4453-474F-BDCE-685D1002E476}.Release|x64.Build.0 = Release|x64
		{56BD0A6A-4453-474F-BDCE-685D1002E476}.Release|x86.ActiveCfg = Release|Win32
		{56BD0A6A-4453-474F-BDCE-685D1002E476}.Release|x86.Build.0 = Release|Win32
		{A2162E95-6DAF-47B5-B1BC-AAE73879A3F4}.Debug|x64.ActiveCfg = Debug|x64
		{A2162E95-6DAF-47B5-B1BC-AAE73879A3F4}.Debug|x64.Build.0 = Debug|x64
		{A2162E95-6DAF-47B5-B1BC-AAE73879A3F4}.Debug|x86.ActiveCfg = Debug|Win32
		{A2162E95-6DAF-47B5-B1BC-AAE73879A3F4}.Debug|x86.Build.0 = Debug|Win32
		{A2162E95-6DAF-47B5-B1BC-AAE73879A3F4}.Release|x64.ActiveCfg = Release|x64
		{A2162E95-6DAF-47B5-B1BC-AAE73879A3F4}.Release|x64.Build.0 = Release|x64
		{A2162E95-6DAF-47B5-B1BC-AAE73879A3F4}.Release|x86.ActiveCfg = Release|Win32
		{A2162E95-6DAF-47B5-B1BC-AAE73879A3F4}.Release|x86.Build.0 = Release|Win32
		{DAE1274B-EDA1-494D-BA51-F9A6F307B248}.Debug|x64.ActiveCfg = Debug|x64
		{DAE1274B-EDA1-494D-BA51-F9A6F307B248}.Debug|x64.Build.0 = Debug|x64
		{DAE1274B-EDA1-494D-BA51-F9A6F307B248}.Debug|x86.ActiveCfg = Debug|Win32
		{DAE1274B-EDA1-494D-BA51-F9A6F307B248}.Debug|x86.Build.0 = Debug|Win32
		{DAE1274B-EDA1-494D-BA51-F9A6F307B248}.Release|x64.ActiveCfg = Release|x64
		{DAE1274B-EDA1-494D-BA51-F9A6F307B248}.Release|x64.Build.0 = Release|x64
		{DAE1274B-EDA1-494D-BA51-F9A6F307B248}.Release|x86.ActiveCfg = Release|Win32
		{DAE1274B-EDA1-494D-BA51-F9A6F307B248}.Release|x86.Build.0 = Release|Win32
	EndGlobalSection
	GlobalSection(SolutionProperties) = preSolution
		HideSolutionNode = FALSE
	EndGlobalSection
	GlobalSection(NestedProjects) = preSolution
		{EACE59C3-D182-4968-BC33-1A9287DEC408} = {CC650D3B-BB00-42FA-AD40-A3C771350B08}
		{56BD0A6A-4453-474F-BDCE-685D1002E476} = {F5158566-625F-4913-B87D-DF2329C2C51E}
		{A2162E95-6DAF-47B5-B1BC-AAE73879A3F4} = {EC081AE6-5B59-4708-A5C1-E685A4E83FFE}
		{DAE1274B-EDA1-494D-BA51-F9A6F307B248} = {AA6653D5-2A0A-4793-BA3E-8E5A446E988B}
	EndGlobalSection
	GlobalSection(ExtensibilityGlobals) = postSolution
		SolutionGuid = {73A8B219-82A6-4E68-8457-664E7924099B}
	EndGlobalSection
EndGlobal
